
Microsoft Visual Studio Solution File, Format Version 12.00
# Visual Studio Version 16
VisualStudioVersion = 16.0.29613.14
MinimumVisualStudioVersion = 10.0.40219.1
Project("{FAE04EC0-301F-11D3-BF4B-00C04F79EFBC}") = "MetaEraser", "MetaEraser\MetaEraser.csproj", "{C6143E9A-E704-4F56-8DF0-7D805EC2AE4A}"
EndProject
Global
	GlobalSection(SolutionConfigurationPlatforms) = preSolution
		Debug|Any CPU = Debug|Any CPU
		Release|Any CPU = Release|Any CPU
	EndGlobalSection
	GlobalSection(ProjectConfigurationPlatforms) = postSolution
		{C6143E9A-E704-4F56-8DF0-7D805EC2AE4A}.Debug|Any CPU.ActiveCfg = Debug|Any CPU
		{C6143E9A-E704-4F56-8DF0-7D805EC2AE4A}.Debug|Any CPU.Build.0 = Debug|Any CPU
		{C6143E9A-E704-4F56-8DF0-7D805EC2AE4A}.Release|Any CPU.ActiveCfg = Release|Any CPU
		{C6143E9A-E704-4F56-8DF0-7D805EC2AE4A}.Release|Any CPU.Build.0 = Release|Any CPU
	EndGlobalSection
	GlobalSection(SolutionProperties) = preSolution
		HideSolutionNode = FALSE
	EndGlobalSection
	GlobalSection(ExtensibilityGlobals) = postSolution
		SolutionGuid = {13E99439-10FC-4317-BC46-9E0817847804}
	EndGlobalSection
EndGlobal
